
Microsoft Visual Studio Solution File, Format Version 12.00
# Visual Studio Version 17
VisualStudioVersion = 17.5.001.0
MinimumVisualStudioVersion = 10.0.40219.1
Project("{9A19103F-16F7-4668-BE54-9A1E7A4F7556}") = "auth-module", "auth-module.csproj", "{E6EAE15E-69FB-4A65-AE87-9BCA438E8DAE}"
EndProject
Global
	GlobalSection(SolutionConfigurationPlatforms) = preSolution
		Debug|Any CPU = Debug|Any CPU
		Release|Any CPU = Release|Any CPU
	EndGlobalSection
	GlobalSection(ProjectConfigurationPlatforms) = postSolution
		{E6EAE15E-69FB-4A65-AE87-9BCA438E8DAE}.Debug|Any CPU.ActiveCfg = Debug|Any CPU
		{E6EAE15E-69FB-4A65-AE87-9BCA438E8DAE}.Debug|Any CPU.Build.0 = Debug|Any CPU
		{E6EAE15E-69FB-4A65-AE87-9BCA438E8DAE}.Release|Any CPU.ActiveCfg = Release|Any CPU
		{E6EAE15E-69FB-4A65-AE87-9BCA438E8DAE}.Release|Any CPU.Build.0 = Release|Any CPU
	EndGlobalSection
	GlobalSection(SolutionProperties) = preSolution
		HideSolutionNode = FALSE
	EndGlobalSection
	GlobalSection(ExtensibilityGlobals) = postSolution
		SolutionGuid = {80AD5975-EEC7-4517-A2EB-5D6863443E6C}
	EndGlobalSection
EndGlobal
